Microsoft Visual Studio Solution File, Format Version 11.00
# Visual Studio 2010
Project("{56D73B06-A204-1968-7AEC-69D951F614F3}") = "CsPlayer", "CsPlayer.vcxproj", "{34107D65-E4DE-B987-7CCA-3C39433C4CBE}"
EndProject
Global
	GlobalSection(SolutionConfigurationPlatforms) = preSolution
		Debug|Win32 = Debug|Win32
		Release|Win32 = Release|Win32
	EndGlobalSection
	GlobalSection(ProjectConfigurationPlatforms) = postSolution
		{34107D65-E4DE-B987-7CCA-3C39433C4CBE}.Debug|Win32.ActiveCfg = Debug|Win32
		{34107D65-E4DE-B987-7CCA-3C39433C4CBE}.Debug|Win32.Build.0 = Debug|Win32
		{34107D65-E4DE-B987-7CCA-3C39433C4CBE}.Release|Win32.ActiveCfg = Release|Win32
		{34107D65-E4DE-B987-7CCA-3C39433C4CBE}.Release|Win32.Build.0 = Release|Win32
	EndGlobalSection
	GlobalSection(SolutionProperties) = preSolution
		HideSolutionNode = FALSE
	EndGlobalSection
EndGlobal
