Microsoft Visual Studio Solution File, Format Version 11.00
# Visual Studio 2010
Project("{44DEB423-2C4B-5ABF-F3B3-1EEB51AE802C}") = "SCsPlayer", "SCsPlayer.vcxproj", "{C7279E0F-F5DB-8159-EB24-A7B5DB0A2246}"
EndProject
Global
	GlobalSection(SolutionConfigurationPlatforms) = preSolution
		Debug|Win32 = Debug|Win32
		Release|Win32 = Release|Win32
	EndGlobalSection
	GlobalSection(ProjectConfigurationPlatforms) = postSolution
		{C7279E0F-F5DB-8159-EB24-A7B5DB0A2246}.Debug|Win32.ActiveCfg = Debug|Win32
		{C7279E0F-F5DB-8159-EB24-A7B5DB0A2246}.Debug|Win32.Build.0 = Debug|Win32
		{C7279E0F-F5DB-8159-EB24-A7B5DB0A2246}.Release|Win32.ActiveCfg = Release|Win32
		{C7279E0F-F5DB-8159-EB24-A7B5DB0A2246}.Release|Win32.Build.0 = Release|Win32
	EndGlobalSection
	GlobalSection(SolutionProperties) = preSolution
		HideSolutionNode = FALSE
	EndGlobalSection
EndGlobal
